
Microsoft Visual Studio Solution File, Format Version 12.00
# Visual Studio Version 16
VisualStudioVersion = 16.0.28917.181
MinimumVisualStudioVersion = 10.0.40219.1
Project("{FAE04EC0-301F-11D3-BF4B-00C04F79EFBC}") = "MetCostV2", "MetCostV2\MetCostV2.csproj", "{0DEC89B9-5602-4CD8-903A-B964B0D895F2}"
EndProject
Global
	GlobalSection(SolutionConfigurationPlatforms) = preSolution
		Debug|Any CPU = Debug|Any CPU
		Release|Any CPU = Release|Any CPU
	EndGlobalSection
	GlobalSection(ProjectConfigurationPlatforms) = postSolution
		{0DEC89B9-5602-4CD8-903A-B964B0D895F2}.Debug|Any CPU.ActiveCfg = Debug|Any CPU
		{0DEC89B9-5602-4CD8-903A-B964B0D895F2}.Debug|Any CPU.Build.0 = Debug|Any CPU
		{0DEC89B9-5602-4CD8-903A-B964B0D895F2}.Release|Any CPU.ActiveCfg = Release|Any CPU
		{0DEC89B9-5602-4CD8-903A-B964B0D895F2}.Release|Any CPU.Build.0 = Release|Any CPU
	EndGlobalSection
	GlobalSection(SolutionProperties) = preSolution
		HideSolutionNode = FALSE
	EndGlobalSection
	GlobalSection(ExtensibilityGlobals) = postSolution
		SolutionGuid = {87425921-AAF2-4C16-A5FF-B8A87781B38E}
	EndGlobalSection
EndGlobal
